
Microsoft Visual Studio Solution File, Format Version 12.00
# Visual Studio 15
VisualStudioVersion = 15.0.26124.0
MinimumVisualStudioVersion = 15.0.26124.0
Project("{FAE04EC0-301F-11D3-BF4B-00C04F79EFBC}") = "ExampleLib", "ExampleLib\ExampleLib.csproj", "{88CEDA9D-69F2-4314-B91F-B2F3DE8E8384}"
EndProject
Project("{FAE04EC0-301F-11D3-BF4B-00C04F79EFBC}") = "ExampleLib.Tests", "ExampleLib.Tests\ExampleLib.Tests.csproj", "{4436610A-DFDC-4243-96C6-5A83DC5244A1}"
EndProject
Global
	GlobalSection(SolutionConfigurationPlatforms) = preSolution
		Debug|Any CPU = Debug|Any CPU
		Debug|x64 = Debug|x64
		Debug|x86 = Debug|x86
		Release|Any CPU = Release|Any CPU
		Release|x64 = Release|x64
		Release|x86 = Release|x86
	EndGlobalSection
	GlobalSection(SolutionProperties) = preSolution
		HideSolutionNode = FALSE
	EndGlobalSection
	GlobalSection(ProjectConfigurationPlatforms) = postSolution
		{88CEDA9D-69F2-4314-B91F-B2F3DE8E8384}.Debug|Any CPU.ActiveCfg = Debug|Any CPU
		{88CEDA9D-69F2-4314-B91F-B2F3DE8E8384}.Debug|Any CPU.Build.0 = Debug|Any CPU
		{88CEDA9D-69F2-4314-B91F-B2F3DE8E8384}.Debug|x64.ActiveCfg = Debug|Any CPU
		{88CEDA9D-69F2-4314-B91F-B2F3DE8E8384}.Debug|x64.Build.0 = Debug|Any CPU
		{88CEDA9D-69F2-4314-B91F-B2F3DE8E8384}.Debug|x86.ActiveCfg = Debug|Any CPU
		{88CEDA9D-69F2-4314-B91F-B2F3DE8E8384}.Debug|x86.Build.0 = Debug|Any CPU
		{88CEDA9D-69F2-4314-B91F-B2F3DE8E8384}.Release|Any CPU.ActiveCfg = Release|Any CPU
		{88CEDA9D-69F2-4314-B91F-B2F3DE8E8384}.Release|Any CPU.Build.0 = Release|Any CPU
		{88CEDA9D-69F2-4314-B91F-B2F3DE8E8384}.Release|x64.ActiveCfg = Release|Any CPU
		{88CEDA9D-69F2-4314-B91F-B2F3DE8E8384}.Release|x64.Build.0 = Release|Any CPU
		{88CEDA9D-69F2-4314-B91F-B2F3DE8E8384}.Release|x86.ActiveCfg = Release|Any CPU
		{88CEDA9D-69F2-4314-B91F-B2F3DE8E8384}.Release|x86.Build.0 = Release|Any CPU
		{4436610A-DFDC-4243-96C6-5A83DC5244A1}.Debug|Any CPU.ActiveCfg = Debug|Any CPU
		{4436610A-DFDC-4243-96C6-5A83DC5244A1}.Debug|Any CPU.Build.0 = Debug|Any CPU
		{4436610A-DFDC-4243-96C6-5A83DC5244A1}.Debug|x64.ActiveCfg = Debug|Any CPU
		{4436610A-DFDC-4243-96C6-5A83DC5244A1}.Debug|x64.Build.0 = Debug|Any CPU
		{4436610A-DFDC-4243-96C6-5A83DC5244A1}.Debug|x86.ActiveCfg = Debug|Any CPU
		{4436610A-DFDC-4243-96C6-5A83DC5244A1}.Debug|x86.Build.0 = Debug|Any CPU
		{4436610A-DFDC-4243-96C6-5A83DC5244A1}.Release|Any CPU.ActiveCfg = Release|Any CPU
		{4436610A-DFDC-4243-96C6-5A83DC5244A1}.Release|Any CPU.Build.0 = Release|Any CPU
		{4436610A-DFDC-4243-96C6-5A83DC5244A1}.Release|x64.ActiveCfg = Release|Any CPU
		{4436610A-DFDC-4243-96C6-5A83DC5244A1}.Release|x64.Build.0 = Release|Any CPU
		{4436610A-DFDC-4243-96C6-5A83DC5244A1}.Release|x86.ActiveCfg = Release|Any CPU
		{4436610A-DFDC-4243-96C6-5A83DC5244A1}.Release|x86.Build.0 = Release|Any CPU
	EndGlobalSection
EndGlobal
